<?xml version="1.0" encoding="utf-8"?>
<Project ToolsVersion="4.0" xmlns="http://schemas.microsoft.com/developer/msbuild/2003">
  <ItemGroup>
    <Filter Include="WExport">
      <UniqueIdentifier>{d238909f-148b-4a44-a6bb-edf5acef219a}</UniqueIdentifier>
    </Filter>
    <Filter Include="Platform Files">
      <UniqueIdentifier>{02a6abec-ac29-4cc9-ab47-383ad5cc0449}</UniqueIdentifier>
    </Filter>
    <Filter Include="Platform Files\Resource Files">
      <UniqueIdentifier>{67DA6AB6-F800-4c08-8B7A-83BB121AAD01}</UniqueIdentifier>
      <Extensions>rc;ico;cur;bmp;dlg;rc2;rct;bin;rgs;gif;jpg;jpeg;jpe;resx;tiff;tif;png;wav;mfcribbon-ms</Extensions>
    </Filter>
    <Filter Include="Helper">
      <UniqueIdentifier>{6fe8923e-a8e0-4acf-b963-bb1aca0bab7b}</UniqueIdentifier>
    </Filter>
    <Filter Include="Helper\MemoryPools">
      <UniqueIdentifier>{4ceb773b-a320-42b1-97a0-0fbc7bd9d6d7}</UniqueIdentifier>
    </Filter>
    <Filter Include="System">
      <UniqueIdentifier>{81785299-2aee-4756-a203-78de7840666f}</UniqueIdentifier>
    </Filter>
    <Filter Include="Network">
      <UniqueIdentifier>{004d50b9-a8d8-4b9e-b2d2-e576bbf66f1b}</UniqueIdentifier>
    </Filter>
    <Filter Include="Network\Socket">
      <UniqueIdentifier>{063a9154-387b-4fbc-9b55-187330245812}</UniqueIdentifier>
    </Filter>
    <Filter Include="Network\Helper">
      <UniqueIdentifier>{85463096-fc40-4c3b-9493-5a81751fcb0b}</UniqueIdentifier>
    </Filter>
    <Filter Include="Profiler">
      <UniqueIdentifier>{50bb2f87-fda7-4e00-94ae-f7beeaa00ea9}</UniqueIdentifier>
    </Filter>
    <Filter Include="Network\Buffer">
      <UniqueIdentifier>{1ff79d0d-a8ea-4036-9353-6e4d37908d38}</UniqueIdentifier>
    </Filter>
    <Filter Include="User">
      <UniqueIdentifier>{78393ff7-d1d8-4495-bba8-f76f86f088ec}</UniqueIdentifier>
    </Filter>
    <Filter Include="System\Manager">
      <UniqueIdentifier>{8de187ea-7e3c-4d11-973c-b0b28e1449fc}</UniqueIdentifier>
    </Filter>
    <Filter Include="Network\Worker">
      <UniqueIdentifier>{4dca1ac8-0c49-4012-9435-5dc3d2fecfb9}</UniqueIdentifier>
    </Filter>
    <Filter Include="Profiler\Helper">
      <UniqueIdentifier>{e16e898d-8d95-40a0-85f8-c41acc09f507}</UniqueIdentifier>
    </Filter>
    <Filter Include="Profiler\Analyser">
      <UniqueIdentifier>{ee84bf2f-419c-44f8-be89-233e3e1c3139}</UniqueIdentifier>
    </Filter>
    <Filter Include="System\Threading">
      <UniqueIdentifier>{47ec520c-5e4a-4784-8b62-a28748bb5326}</UniqueIdentifier>
    </Filter>
  </ItemGroup>
  <ItemGroup>
    <ClInclude Include="WExport\WSocket.h">
      <Filter>WExport</Filter>
    </ClInclude>
    <ClInclude Include="stdafx.h">
      <Filter>Platform Files</Filter>
    </ClInclude>
    <ClInclude Include="resource.h">
      <Filter>Platform Files\Resource Files</Filter>
    </ClInclude>
    <ClInclude Include="targetver.h">
      <Filter>Platform Files</Filter>
    </ClInclude>
    <ClInclude Include="WExport\WSocketHelper.h">
      <Filter>WExport</Filter>
    </ClInclude>
    <ClInclude Include="WExport\WSocketTypes.h">
      <Filter>WExport</Filter>
    </ClInclude>
    <ClInclude Include="Helper\MiscFunctions.h">
      <Filter>Helper</Filter>
    </ClInclude>
    <ClInclude Include="Helper\MiscClasses.h">
      <Filter>Helper</Filter>
    </ClInclude>
    <ClInclude Include="Helper\MemoryPools\TNodePool.h">
      <Filter>Helper\MemoryPools</Filter>
    </ClInclude>
    <ClInclude Include="Helper\SpinLock.h">
      <Filter>Helper</Filter>
    </ClInclude>
    <ClInclude Include="Network\Network.h">
      <Filter>Network</Filter>
    </ClInclude>
    <ClInclude Include="Network\Socket\ServerSocket.h">
      <Filter>Network\Socket</Filter>
    </ClInclude>
    <ClInclude Include="Network\Helper\WSAHelper.h">
      <Filter>Network\Helper</Filter>
    </ClInclude>
    <ClInclude Include="Profiler\SystemProfiler.h">
      <Filter>Profiler</Filter>
    </ClInclude>
    <ClInclude Include="Network\Buffer\NetworkBuffer.h">
      <Filter>Network\Buffer</Filter>
    </ClInclude>
    <ClInclude Include="Network\Buffer\BufferPool.h">
      <Filter>Network\Buffer</Filter>
    </ClInclude>
    <ClInclude Include="User\User.h">
      <Filter>User</Filter>
    </ClInclude>
    <ClInclude Include="User\UserManager.h">
      <Filter>User</Filter>
    </ClInclude>
    <ClInclude Include="WExport\WSocketTemplates.h">
      <Filter>WExport</Filter>
    </ClInclude>
    <ClInclude Include="Helper\SafeWinApi.h">
      <Filter>Helper</Filter>
    </ClInclude>
    <ClInclude Include="System\GlobalEnvironment.h">
      <Filter>System</Filter>
    </ClInclude>
    <ClInclude Include="System\SystemModule.h">
      <Filter>System</Filter>
    </ClInclude>
    <ClInclude Include="System\Manager\NetManager.h">
      <Filter>System\Manager</Filter>
    </ClInclude>
    <ClInclude Include="Network\Worker\AcceptWorker.h">
      <Filter>Network\Worker</Filter>
    </ClInclude>
    <ClInclude Include="Profiler\ProfileThread.h">
      <Filter>Profiler</Filter>
    </ClInclude>
    <ClInclude Include="Profiler\Helper\ProfileCompQueue.h">
      <Filter>Profiler\Helper</Filter>
    </ClInclude>
    <ClInclude Include="Helper\ThreadHelper.h">
      <Filter>Helper</Filter>
    </ClInclude>
    <ClInclude Include="Profiler\Analyser\LoadAnalyser.h">
      <Filter>Profiler\Analyser</Filter>
    </ClInclude>
    <ClInclude Include="System\Threading\ThreadHost.h">
      <Filter>System\Threading</Filter>
    </ClInclude>
    <ClInclude Include="System\Threading\ThreadManager.h">
      <Filter>System\Threading</Filter>
    </ClInclude>
  </ItemGroup>
  <ItemGroup>
    <ClCompile Include="WExport\WSocket.cpp">
      <Filter>WExport</Filter>
    </ClCompile>
    <ClCompile Include="stdafx.cpp">
      <Filter>Platform Files</Filter>
    </ClCompile>
    <ClCompile Include="dllmain.cpp">
      <Filter>Platform Files</Filter>
    </ClCompile>
    <ClCompile Include="Network\Network.cpp">
      <Filter>Network</Filter>
    </ClCompile>
    <ClCompile Include="Network\Socket\ServerSocket.cpp">
      <Filter>Network\Socket</Filter>
    </ClCompile>
    <ClCompile Include="Profiler\SystemProfiler.cpp">
      <Filter>Profiler</Filter>
    </ClCompile>
    <ClCompile Include="Network\Buffer\BufferPool.cpp">
      <Filter>Network\Buffer</Filter>
    </ClCompile>
    <ClCompile Include="User\User.cpp">
      <Filter>User</Filter>
    </ClCompile>
    <ClCompile Include="User\UserManager.cpp">
      <Filter>User</Filter>
    </ClCompile>
    <ClCompile Include="System\GlobalEnvironment.cpp">
      <Filter>System</Filter>
    </ClCompile>
    <ClCompile Include="System\SystemModule.cpp">
      <Filter>System</Filter>
    </ClCompile>
    <ClCompile Include="System\Manager\NetManager.cpp">
      <Filter>System\Manager</Filter>
    </ClCompile>
    <ClCompile Include="Network\Worker\AcceptWorker.cpp">
      <Filter>Network\Worker</Filter>
    </ClCompile>
    <ClCompile Include="Profiler\ProfileThread.cpp">
      <Filter>Profiler</Filter>
    </ClCompile>
    <ClCompile Include="System\Threading\ThreadManager.cpp">
      <Filter>System\Threading</Filter>
    </ClCompile>
  </ItemGroup>
  <ItemGroup>
    <ResourceCompile Include="WSocket.rc">
      <Filter>Platform Files\Resource Files</Filter>
    </ResourceCompile>
  </ItemGroup>
</Project>